// !$*UTF8*$!
{
	archiveVersion = 1;
	classes = {
	};
	objectVersion = 50;
	objects = {

/* Begin PBXBuildFile section */
		416D7DDB271AB77600AD294D /* AppDelegate.swift in Sources */ = {isa = PBXBuildFile; fileRef = 416D7DDA271AB77600AD294D /* AppDelegate.swift */; };
		416D7DDD271AB77600AD294D /* SceneDelegate.swift in Sources */ = {isa = PBXBuildFile; fileRef = 416D7DDC271AB77600AD294D /* SceneDelegate.swift */; };
		416D7DDF271AB77600AD294D /* ViewController.swift in Sources */ = {isa = PBXBuildFile; fileRef = 416D7DDE271AB77600AD294D /* ViewController.swift */; };
		416D7DE2271AB77600AD294D /* Main.storyboard in Resources */ = {isa = PBXBuildFile; fileRef = 416D7DE0271AB77600AD294D /* Main.storyboard */; };
		416D7DE4271AB77800AD294D /* Assets.xcassets in Resources */ = {isa = PBXBuildFile; fileRef = 416D7DE3271AB77800AD294D /* Assets.xcassets */; };
		416D7DE7271AB77800AD294D /* LaunchScreen.storyboard in Resources */ = {isa = PBXBuildFile; fileRef = 416D7DE5271AB77800AD294D /* LaunchScreen.storyboard */; };
/* End PBXBuildFile section */

/* Begin PBXFileReference section */
		416D7DD7271AB77600AD294D /* Nach-Challengge.app */ = {isa = PBXFileReference; explicitFileType = wrapper.application; includeInIndex = 0; path = "Nach-Challengge.app"; sourceTree = BUILT_PRODUCTS_DIR; };
		416D7DDA271AB77600AD294D /* AppDelegate.swift */ = {isa = PBXFileReference; lastKnownFileType = sourcecode.swift; path = AppDelegate.swift; sourceTree = "<group>"; };
		416D7DDC271AB77600AD294D /* SceneDelegate.swift */ = {isa = PBXFileReference; lastKnownFileType = sourcecode.swift; path = SceneDelegate.swift; sourceTree = "<group>"; };
		416D7DDE271AB77600AD294D /* ViewController.swift */ = {isa = PBXFileReference; lastKnownFileType = sourcecode.swift; path = ViewController.swift; sourceTree = "<group>"; };
		416D7DE1271AB77600AD294D /* Base */ = {isa = PBXFileReference; lastKnownFileType = file.storyboard; name = Base; path = Base.lproj/Main.storyboard; sourceTree = "<group>"; };
		416D7DE3271AB77800AD294D /* Assets.xcassets */ = {isa = PBXFileReference; lastKnownFileType = folder.assetcatalog; path = Assets.xcassets; sourceTree = "<group>"; };
		416D7DE6271AB77800AD294D /* Base */ = {isa = PBXFileReference; lastKnownFileType = file.storyboard; name = Base; path = Base.lproj/LaunchScreen.storyboard; sourceTree = "<group>"; };
		416D7DE8271AB77800AD294D /* Info.plist */ = {isa = PBXFileReference; lastKnownFileType = text.plist.xml; path = Info.plist; sourceTree = "<group>"; };
/* End PBXFileReference section */

/* Begin PBXFrameworksBuildPhase section */
		416D7DD4271AB77600AD294D /* Frameworks */ = {
			isa = PBXFrameworksBuildPhase;
			buildActionMask = 2147483647;
			files = (
			);
			runOnlyForDeploymentPostprocessing = 0;
		};
/* End PBXFrameworksBuildPhase section */

/* Begin PBXGroup section */
		416D7DCE271AB77600AD294D = {
			isa = PBXGroup;
			children = (
				416D7DD9271AB77600AD294D /* Nach-Challengge */,
				416D7DD8271AB77600AD294D /* Products */,
			);
			sourceTree = "<group>";
		};
		416D7DD8271AB77600AD294D /* Products */ = {
			isa = PBXGroup;
			children = (
				416D7DD7271AB77600AD294D /* Nach-Challengge.app */,
			);
			name = Products;
			sourceTree = "<group>";
		};
		416D7DD9271AB77600AD294D /* Nach-Challengge */ = {
			isa = PBXGroup;
			children = (
				416D7DDA271AB77600AD294D /* AppDelegate.swift */,
				416D7DDC271AB77600AD294D /* SceneDelegate.swift */,
				416D7DDE271AB77600AD294D /* ViewController.swift */,
				416D7DE0271AB77600AD294D /* Main.storyboard */,
				416D7DE3271AB77800AD294D /* Assets.xcassets */,
				416D7DE5271AB77800AD294D /* LaunchScreen.storyboard */,
				416D7DE8271AB77800AD294D /* Info.plist */,
			);
			path = "Nach-Challengge";
			sourceTree = "<group>";
		};
/* End PBXGroup section */

/* Begin PBXNativeTarget section */
		416D7DD6271AB77600AD294D /* Nach-Challengge */ = {
			isa = PBXNativeTarget;
			buildConfigurationList = 416D7DEB271AB77800AD294D /* Build configuration list for PBXNativeTarget "Nach-Challengge" */;
			buildPhases = (
				416D7DD3271AB77600AD294D /* Sources */,
				416D7DD4271AB77600AD294D /* Frameworks */,
				416D7DD5271AB77600AD294D /* Resources */,
			);
			buildRules = (
			);
			dependencies = (
			);
			name = "Nach-Challengge";
			productName = "Nach-Challengge";
			productReference = 416D7DD7271AB77600AD294D /* Nach-Challengge.app */;
			productType = "com.apple.product-type.application";
		};
/* End PBXNativeTarget section */

/* Begin PBXProject section */
		416D7DCF271AB77600AD294D /* Project object */ = {
			isa = PBXProject;
			attributes = {
				LastSwiftUpdateCheck = 1250;
				LastUpgradeCheck = 1250;
				TargetAttributes = {
					416D7DD6271AB77600AD294D = {
						CreatedOnToolsVersion = 12.5.1;
					};
				};
			};
			buildConfigurationList = 416D7DD2271AB77600AD294D /* Build configuration list for PBXProject "Nach-Challengge" */;
			compatibilityVersion = "Xcode 9.3";
			developmentRegion = en;
			hasScannedForEncodings = 0;
			knownRegions = (
				en,
				Base,
			);
			mainGroup = 416D7DCE271AB77600AD294D;
			productRefGroup = 416D7DD8271AB77600AD294D /* Products */;
			projectDirPath = "";
			projectRoot = "";
			targets = (
				416D7DD6271AB77600AD294D /* Nach-Challengge */,
			);
		};
/* End PBXProject section */

/* Begin PBXResourcesBuildPhase section */
		416D7DD5271AB77600AD294D /* Resources */ = {
			isa = PBXResourcesBuildPhase;
			buildActionMask = 2147483647;
			files = (
				416D7DE7271AB77800AD294D /* LaunchScreen.storyboard in Resources */,
				416D7DE4271AB77800AD294D /* Assets.xcassets in Resources */,
				416D7DE2271AB77600AD294D /* Main.storyboard in Resources */,
			);
			runOnlyForDeploymentPostprocessing = 0;
		};
/* End PBXResourcesBuildPhase section */

/* Begin PBXSourcesBuildPhase section */
		416D7DD3271AB77600AD294D /* Sources */ = {
			isa = PBXSourcesBuildPhase;
			buildActionMask = 2147483647;
			files = (
				416D7DDF271AB77600AD294D /* ViewController.swift in Sources */,
				416D7DDB271AB77600AD294D /* AppDelegate.swift in Sources */,
				416D7DDD271AB77600AD294D /* SceneDelegate.swift in Sources */,
			);
			runOnlyForDeploymentPostprocessing = 0;
		};
/* End PBXSourcesBuildPhase section */

/* Begin PBXVariantGroup section */
		416D7DE0271AB77600AD294D /* Main.storyboard */ = {
			isa = PBXVariantGroup;
			children = (
				416D7DE1271AB77600AD294D /* Base */,
			);
			name = Main.storyboard;
			sourceTree = "<group>";
		};
		416D7DE5271AB77800AD294D /* LaunchScreen.storyboard */ = {
			isa = PBXVariantGroup;
			children = (
				416D7DE6271AB77800AD294D /* Base */,
			);
			name = LaunchScreen.storyboard;
			sourceTree = "<group>";
		};
/* End PBXVariantGroup section */

/* Begin XCBuildConfiguration section */
		416D7DE9271AB77800AD294D /* Debug */ = {
			isa = XCBuildConfiguration;
			buildSettings = {
				ALWAYS_SEARCH_USER_PATHS = NO;
				CLANG_ANALYZER_NONNULL = YES;
				CLANG_ANALYZER_NUMBER_OBJECT_CONVERSION = YES_AGGRESSIVE;
				CLANG_CXX_LANGUAGE_STANDARD = "gnu++14";
				CLANG_CXX_LIBRARY = "libc++";
				CLANG_ENABLE_MODULES = YES;
				CLANG_ENABLE_OBJC_ARC = YES;
				CLANG_ENABLE_OBJC_WEAK = YES;
				CLANG_WARN_BLOCK_CAPTURE_AUTORELEASING = YES;
				CLANG_WARN_BOOL_CONVERSION = YES;
				CLANG_WARN_COMMA = YES;
				CLANG_WARN_CONSTANT_CONVERSION = YES;
				CLANG_WARN_DEPRECATED_OBJC_IMPLEMENTATIONS = YES;
				CLANG_WARN_DIRECT_OBJC_ISA_USAGE = YES_ERROR;
				CLANG_WARN_DOCUMENTATION_COMMENTS = YES;
				CLANG_WARN_EMPTY_BODY = YES;
				CLANG_WARN_ENUM_CONVERSION = YES;
				CLANG_WARN_INFINITE_RECURSION = YES;
				CLANG_WARN_INT_CONVERSION = YES;
				CLANG_WARN_NON_LITERAL_NULL_CONVERSION = YES;
				CLANG_WARN_OBJC_IMPLICIT_RETAIN_SELF = YES;
				CLANG_WARN_OBJC_LITERAL_CONVERSION = YES;
				CLANG_WARN_OBJC_ROOT_CLASS = YES_ERROR;
				CLANG_WARN_QUOTED_INCLUDE_IN_FRAMEWORK_HEADER = YES;
				CLANG_WARN_RANGE_LOOP_ANALYSIS = YES;
				CLANG_WARN_STRICT_PROTOTYPES = YES;
				CLANG_WARN_SUSPICIOUS_MOVE = YES;
				CLANG_WARN_UNGUARDED_AVAILABILITY = YES_AGGRESSIVE;
				CLANG_WARN_UNREACHABLE_CODE = YES;
				CLANG_WARN__DUPLICATE_METHOD_MATCH = YES;
				COPY_PHASE_STRIP = NO;
				DEBUG_INFORMATION_FORMAT = dwarf;
				ENABLE_STRICT_OBJC_MSGSEND = YES;
				ENABLE_TESTABILITY = YES;
				GCC_C_LANGUAGE_STANDARD = gnu11;
				GCC_DYNAMIC_NO_PIC = NO;
				GCC_NO_COMMON_BLOCKS = YES;
				GCC_OPTIMIZATION_LEVEL = 0;
				GCC_PREPROCESSOR_DEFINITIONS = (
					"DEBUG=1",
					"$(inherited)",
				);
				GCC_WARN_64_TO_32_BIT_CONVERSION = YES;
				GCC_WARN_ABOUT_RETURN_TYPE = YES_ERROR;
				GCC_WARN_UNDECLARED_SELECTOR = YES;
				GCC_WARN_UNINITIALIZED_AUTOS = YES_AGGRESSIVE;
				GCC_WARN_UNUSED_FUNCTION = YES;
				GCC_WARN_UNUSED_VARIABLE = YES;
				IPHONEOS_DEPLOYMENT_TARGET = 14.5;
				MTL_ENABLE_DEBUG_INFO = INCLUDE_SOURCE;
				MTL_FAST_MATH = YES;
				ONLY_ACTIVE_ARCH = YES;
				SDKROOT = iphoneos;
				SWIFT_ACTIVE_COMPILATION_CONDITIONS = DEBUG;
				SWIFT_OPTIMIZATION_LEVEL = "-Onone";
			};
			name = Debug;
		};
		416D7DEA271AB77800AD294D /* Release */ = {
			isa = XCBuildConfiguration;
			buildSettings = {
				ALWAYS_SEARCH_USER_PATHS = NO;
				CLANG_ANALYZER_NONNULL = YES;
				CLANG_ANALYZER_NUMBER_OBJECT_CONVERSION = YES_AGGRESSIVE;
				CLANG_CXX_LANGUAGE_STANDARD = "gnu++14";
				CLANG_CXX_LIBRARY = "libc++";
				CLANG_ENABLE_MODULES = YES;
				CLANG_ENABLE_OBJC_ARC = YES;
				CLANG_ENABLE_OBJC_WEAK = YES;
				CLANG_WARN_BLOCK_CAPTURE_AUTORELEASING = YES;
				CLANG_WARN_BOOL_CONVERSION = YES;
				CLANG_WARN_COMMA = YES;
				CLANG_WARN_CONSTANT_CONVERSION = YES;
				CLANG_WARN_DEPRECATED_OBJC_IMPLEMENTATIONS = YES;
				CLANG_WARN_DIRECT_OBJC_ISA_USAGE = YES_ERROR;
				CLANG_WARN_DOCUMENTATION_COMMENTS = YES;
				CLANG_WARN_EMPTY_BODY = YES;
				CLANG_WARN_ENUM_CONVERSION = YES;
				CLANG_WARN_INFINITE_RECURSION = YES;
				CLANG_WARN_INT_CONVERSION = YES;
				CLANG_WARN_NON_LITERAL_NULL_CONVERSION = YES;
				CLANG_WARN_OBJC_IMPLICIT_RETAIN_SELF = YES;
				CLANG_WARN_OBJC_LITERAL_CONVERSION = YES;
				CLANG_WARN_OBJC_ROOT_CLASS = YES_ERROR;
				CLANG_WARN_QUOTED_INCLUDE_IN_FRAMEWORK_HEADER = YES;
				CLANG_WARN_RANGE_LOOP_ANALYSIS = YES;
				CLANG_WARN_STRICT_PROTOTYPES = YES;
				CLANG_WARN_SUSPICIOUS_MOVE = YES;
				CLANG_WARN_UNGUARDED_AVAILABILITY = YES_AGGRESSIVE;
				CLANG_WARN_UNREACHABLE_CODE = YES;
				CLANG_WARN__DUPLICATE_METHOD_MATCH = YES;
				COPY_PHASE_STRIP = NO;
				DEBUG_INFORMATION_FORMAT = "dwarf-with-dsym";
				ENABLE_NS_ASSERTIONS = NO;
				ENABLE_STRICT_OBJC_MSGSEND = YES;
				GCC_C_LANGUAGE_STANDARD = gnu11;
				GCC_NO_COMMON_BLOCKS = YES;
				GCC_WARN_64_TO_32_BIT_CONVERSION = YES;
				GCC_WARN_ABOUT_RETURN_TYPE = YES_ERROR;
				GCC_WARN_UNDECLARED_SELECTOR = YES;
				GCC_WARN_UNINITIALIZED_AUTOS = YES_AGGRESSIVE;
				GCC_WARN_UNUSED_FUNCTION = YES;
				GCC_WARN_UNUSED_VARIABLE = YES;
				IPHONEOS_DEPLOYMENT_TARGET = 14.5;
				MTL_ENABLE_DEBUG_INFO = NO;
				MTL_FAST_MATH = YES;
				SDKROOT = iphoneos;
				SWIFT_COMPILATION_MODE = wholemodule;
				SWIFT_OPTIMIZATION_LEVEL = "-O";
				VALIDATE_PRODUCT = YES;
			};
			name = Release;
		};
		416D7DEC271AB77800AD294D /* Debug */ = {
			isa = XCBuildConfiguration;
			buildSettings = {
				ASSETCATALOG_COMPILER_APPICON_NAME = AppIcon;
				ASSETCATALOG_COMPILER_GLOBAL_ACCENT_COLOR_NAME = AccentColor;
				CODE_SIGN_STYLE = Automatic;
				DEVELOPMENT_TEAM = 2FYVM8W5U8;
				INFOPLIST_FILE = "Nach-Challengge/Info.plist";
				LD_RUNPATH_SEARCH_PATHS = (
					"$(inherited)",
					"@executable_path/Frameworks",
				);
				PRODUCT_BUNDLE_IDENTIFIER = "com.nivardoibarra.Nach-Challengge";
				PRODUCT_NAME = "$(TARGET_NAME)";
				SWIFT_VERSION = 5.0;
				TARGETED_DEVICE_FAMILY = "1,2";
			};
			name = Debug;
		};
		416D7DED271AB77800AD294D /* Release */ = {
			isa = XCBuildConfiguration;
			buildSettings = {
				ASSETCATALOG_COMPILER_APPICON_NAME = AppIcon;
				ASSETCATALOG_COMPILER_GLOBAL_ACCENT_COLOR_NAME = AccentColor;
				CODE_SIGN_STYLE = Automatic;
				DEVELOPMENT_TEAM = 2FYVM8W5U8;
				INFOPLIST_FILE = "Nach-Challengge/Info.plist";
				LD_RUNPATH_SEARCH_PATHS = (
					"$(inherited)",
					"@executable_path/Frameworks",
				);
				PRODUCT_BUNDLE_IDENTIFIER = "com.nivardoibarra.Nach-Challengge";
				PRODUCT_NAME = "$(TARGET_NAME)";
				SWIFT_VERSION = 5.0;
				TARGETED_DEVICE_FAMILY = "1,2";
			};
			name = Release;
		};
/* End XCBuildConfiguration section */

/* Begin XCConfigurationList section */
		416D7DD2271AB77600AD294D /* Build configuration list for PBXProject "Nach-Challengge" */ = {
			isa = XCConfigurationList;
			buildConfigurations = (
				416D7DE9271AB77800AD294D /* Debug */,
				416D7DEA271AB77800AD294D /* Release */,
			);
			defaultConfigurationIsVisible = 0;
			defaultConfigurationName = Release;
		};
		416D7DEB271AB77800AD294D /* Build configuration list for PBXNativeTarget "Nach-Challengge" */ = {
			isa = XCConfigurationList;
			buildConfigurations = (
				416D7DEC271AB77800AD294D /* Debug */,
				416D7DED271AB77800AD294D /* Release */,
			);
			defaultConfigurationIsVisible = 0;
			defaultConfigurationName = Release;
		};
/* End XCConfigurationList section */
	};
	rootObject = 416D7DCF271AB77600AD294D /* Project object */;
}
